// !$*UTF8*$!
{
	archiveVersion = 1;
	classes = {
	};
	objectVersion = 77;
	objects = {

/* Begin PBXBuildFile section */
		373292369EE361606EE33669 /* ParallaxCore in Frameworks */ = {isa = PBXBuildFile; productRef = 79D9FA5EF29CEA86B1E8B6DE /* ParallaxCore */; };
		4A5807742D20296F855B742C /* ProbeReport.swift in Sources */ = {isa = PBXBuildFile; fileRef = B6C00AFC2F97EFFA5DB5331D /* ProbeReport.swift */; };
		997E9D2A859BA8A5650AFC01 /* ProbeApp.swift in Sources */ = {isa = PBXBuildFile; fileRef = D142DDA8A8862C80A9F6CE2B /* ProbeApp.swift */; };
/* End PBXBuildFile section */

/* Begin PBXFileReference section */
		37853B18D27F4359970E04EF /* ParallaxProbe.app */ = {isa = PBXFileReference; includeInIndex = 0; lastKnownFileType = wrapper.application; path = ParallaxProbe.app; sourceTree = BUILT_PRODUCTS_DIR; };
		88DDC5D74F6EFC8F9320E148 /* ParallaxKit */ = {isa = PBXFileReference; lastKnownFileType = folder; name = ParallaxKit; path = ../ParallaxKit; sourceTree = SOURCE_ROOT; };
		B6C00AFC2F97EFFA5DB5331D /* ProbeReport.swift */ = {isa = PBXFileReference; lastKnownFileType = sourcecode.swift; path = ProbeReport.swift; sourceTree = "<group>"; };
		D142DDA8A8862C80A9F6CE2B /* ProbeApp.swift */ = {isa = PBXFileReference; lastKnownFileType = sourcecode.swift; path = ProbeApp.swift; sourceTree = "<group>"; };
/* End PBXFileReference section */

/* Begin PBXFrameworksBuildPhase section */
		2439FD3A3F5A449ED63AC5FF /* Frameworks */ = {
			isa = PBXFrameworksBuildPhase;
			buildActionMask = 2147483647;
			files = (
				373292369EE361606EE33669 /* ParallaxCore in Frameworks */,
			);
			runOnlyForDeploymentPostprocessing = 0;
		};
/* End PBXFrameworksBuildPhase section */

/* Begin PBXGroup section */
		6CACA99AA03466393E88806C /* Packages */ = {
			isa = PBXGroup;
			children = (
				88DDC5D74F6EFC8F9320E148 /* ParallaxKit */,
			);
			name = Packages;
			sourceTree = "<group>";
		};
		AA2535307C904D36C5C4A0A4 /* Products */ = {
			isa = PBXGroup;
			children = (
				37853B18D27F4359970E04EF /* ParallaxProbe.app */,
			);
			name = Products;
			sourceTree = "<group>";
		};
		C7D67B7EEA7BFD19E2EEFE83 = {
			isa = PBXGroup;
			children = (
				6CACA99AA03466393E88806C /* Packages */,
				F958A158439F653D426794C8 /* Sources */,
				AA2535307C904D36C5C4A0A4 /* Products */,
			);
			sourceTree = "<group>";
		};
		F958A158439F653D426794C8 /* Sources */ = {
			isa = PBXGroup;
			children = (
				D142DDA8A8862C80A9F6CE2B /* ProbeApp.swift */,
				B6C00AFC2F97EFFA5DB5331D /* ProbeReport.swift */,
			);
			path = Sources;
			sourceTree = "<group>";
		};
/* End PBXGroup section */

/* Begin PBXNativeTarget section */
		50F7CB95906EC0F69FF99C1D /* ParallaxProbe */ = {
			isa = PBXNativeTarget;
			buildConfigurationList = A48FCEA761C570DC0D9C15BB /* Build configuration list for PBXNativeTarget "ParallaxProbe" */;
			buildPhases = (
				1A7DF1C981915EE06530E665 /* Sources */,
				2439FD3A3F5A449ED63AC5FF /* Frameworks */,
			);
			buildRules = (
			);
			dependencies = (
			);
			name = ParallaxProbe;
			packageProductDependencies = (
				79D9FA5EF29CEA86B1E8B6DE /* ParallaxCore */,
			);
			productName = ParallaxProbe;
			productReference = 37853B18D27F4359970E04EF /* ParallaxProbe.app */;
			productType = "com.apple.product-type.application";
		};
/* End PBXNativeTarget section */

/* Begin PBXProject section */
		5F0392D6751BD4E21A9F7CCF /* Project object */ = {
			isa = PBXProject;
			attributes = {
				BuildIndependentTargetsInParallel = YES;
				LastUpgradeCheck = 1430;
				TargetAttributes = {
				};
			};
			buildConfigurationList = 22249E924F749154E7B19BAE /* Build configuration list for PBXProject "ParallaxProbe" */;
			developmentRegion = en;
			hasScannedForEncodings = 0;
			knownRegions = (
				Base,
				en,
			);
			mainGroup = C7D67B7EEA7BFD19E2EEFE83;
			minimizedProjectReferenceProxies = 1;
			packageReferences = (
				1D3DF5521F8E81AC9838046F /* XCLocalSwiftPackageReference "../ParallaxKit" */,
			);
			preferredProjectObjectVersion = 77;
			productRefGroup = AA2535307C904D36C5C4A0A4 /* Products */;
			projectDirPath = "";
			projectRoot = "";
			targets = (
				50F7CB95906EC0F69FF99C1D /* ParallaxProbe */,
			);
		};
/* End PBXProject section */

/* Begin PBXSourcesBuildPhase section */
		1A7DF1C981915EE06530E665 /* Sources */ = {
			isa = PBXSourcesBuildPhase;
			buildActionMask = 2147483647;
			files = (
				997E9D2A859BA8A5650AFC01 /* ProbeApp.swift in Sources */,
				4A5807742D20296F855B742C /* ProbeReport.swift in Sources */,
			);
			runOnlyForDeploymentPostprocessing = 0;
		};
/* End PBXSourcesBuildPhase section */

/* Begin XCBuildConfiguration section */
		51796915E05D7B986259CBC9 /* Release */ = {
			isa = XCBuildConfiguration;
			buildSettings = {
				ASSETCATALOG_COMPILER_APPICON_NAME = AppIcon;
				CODE_SIGN_IDENTITY = "iPhone Developer";
				INFOPLIST_FILE = Info.plist;
				LD_RUNPATH_SEARCH_PATHS = (
					"$(inherited)",
					"@executable_path/Frameworks",
				);
				PRODUCT_BUNDLE_IDENTIFIER = com.biily.parallax.ParallaxProbe;
				SDKROOT = iphoneos;
				SWIFT_VERSION = 5.0;
				TARGETED_DEVICE_FAMILY = "1,2";
			};
			name = Release;
		};
		B5730D24C43CE56DCBF05662 /* Debug */ = {
			isa = XCBuildConfiguration;
			buildSettings = {
				ASSETCATALOG_COMPILER_APPICON_NAME = AppIcon;
				CODE_SIGN_IDENTITY = "iPhone Developer";
				INFOPLIST_FILE = Info.plist;
				LD_RUNPATH_SEARCH_PATHS = (
					"$(inherited)",
					"@executable_path/Frameworks",
				);
				PRODUCT_BUNDLE_IDENTIFIER = com.biily.parallax.ParallaxProbe;
				SDKROOT = iphoneos;
				SWIFT_VERSION = 5.0;
				TARGETED_DEVICE_FAMILY = "1,2";
			};
			name = Debug;
		};
		C83B1DDEECF63F37FE1973C4 /* Debug */ = {
			isa = XCBuildConfiguration;
			buildSettings = {
				ALWAYS_SEARCH_USER_PATHS = NO;
				CLANG_ANALYZER_NONNULL = YES;
				CLANG_ANALYZER_NUMBER_OBJECT_CONVERSION = YES_AGGRESSIVE;
				CLANG_CXX_LANGUAGE_STANDARD = "gnu++14";
				CLANG_CXX_LIBRARY = "libc++";
				CLANG_ENABLE_MODULES = YES;
				CLANG_ENABLE_OBJC_ARC = YES;
				CLANG_ENABLE_OBJC_WEAK = YES;
				CLANG_WARN_BLOCK_CAPTURE_AUTORELEASING = YES;
				CLANG_WARN_BOOL_CONVERSION = YES;
				CLANG_WARN_COMMA = YES;
				CLANG_WARN_CONSTANT_CONVERSION = YES;
				CLANG_WARN_DEPRECATED_OBJC_IMPLEMENTATIONS = YES;
				CLANG_WARN_DIRECT_OBJC_ISA_USAGE = YES_ERROR;
				CLANG_WARN_DOCUMENTATION_COMMENTS = YES;
				CLANG_WARN_EMPTY_BODY = YES;
				CLANG_WARN_ENUM_CONVERSION = YES;
				CLANG_WARN_INFINITE_RECURSION = YES;
				CLANG_WARN_INT_CONVERSION = YES;
				CLANG_WARN_NON_LITERAL_NULL_CONVERSION = YES;
				CLANG_WARN_OBJC_IMPLICIT_RETAIN_SELF = YES;
				CLANG_WARN_OBJC_LITERAL_CONVERSION = YES;
				CLANG_WARN_OBJC_ROOT_CLASS = YES_ERROR;
				CLANG_WARN_QUOTED_INCLUDE_IN_FRAMEWORK_HEADER = YES;
				CLANG_WARN_RANGE_LOOP_ANALYSIS = YES;
				CLANG_WARN_STRICT_PROTOTYPES = YES;
				CLANG_WARN_SUSPICIOUS_MOVE = YES;
				CLANG_WARN_UNGUARDED_AVAILABILITY = YES_AGGRESSIVE;
				CLANG_WARN_UNREACHABLE_CODE = YES;
				CLANG_WARN__DUPLICATE_METHOD_MATCH = YES;
				COPY_PHASE_STRIP = NO;
				DEBUG_INFORMATION_FORMAT = dwarf;
				ENABLE_STRICT_OBJC_MSGSEND = YES;
				ENABLE_TESTABILITY = YES;
				GCC_C_LANGUAGE_STANDARD = gnu11;
				GCC_DYNAMIC_NO_PIC = NO;
				GCC_NO_COMMON_BLOCKS = YES;
				GCC_OPTIMIZATION_LEVEL = 0;
				GCC_PREPROCESSOR_DEFINITIONS = (
					"$(inherited)",
					"DEBUG=1",
				);
				GCC_WARN_64_TO_32_BIT_CONVERSION = YES;
				GCC_WARN_ABOUT_RETURN_TYPE = YES_ERROR;
				GCC_WARN_UNDECLARED_SELECTOR = YES;
				GCC_WARN_UNINITIALIZED_AUTOS = YES_AGGRESSIVE;
				GCC_WARN_UNUSED_FUNCTION = YES;
				GCC_WARN_UNUSED_VARIABLE = YES;
				IPHONEOS_DEPLOYMENT_TARGET = 17.0;
				MTL_ENABLE_DEBUG_INFO = INCLUDE_SOURCE;
				MTL_FAST_MATH = YES;
				ONLY_ACTIVE_ARCH = YES;
				PRODUCT_NAME = "$(TARGET_NAME)";
				SDKROOT = iphoneos;
				SWIFT_ACTIVE_COMPILATION_CONDITIONS = DEBUG;
				SWIFT_OPTIMIZATION_LEVEL = "-Onone";
				SWIFT_VERSION = 5.0;
			};
			name = Debug;
		};
		ED92EE84843D8B1D0355A287 /* Release */ = {
			isa = XCBuildConfiguration;
			buildSettings = {
				ALWAYS_SEARCH_USER_PATHS = NO;
				CLANG_ANALYZER_NONNULL = YES;
				CLANG_ANALYZER_NUMBER_OBJECT_CONVERSION = YES_AGGRESSIVE;
				CLANG_CXX_LANGUAGE_STANDARD = "gnu++14";
				CLANG_CXX_LIBRARY = "libc++";
				CLANG_ENABLE_MODULES = YES;
				CLANG_ENABLE_OBJC_ARC = YES;
				CLANG_ENABLE_OBJC_WEAK = YES;
				CLANG_WARN_BLOCK_CAPTURE_AUTORELEASING = YES;
				CLANG_WARN_BOOL_CONVERSION = YES;
				CLANG_WARN_COMMA = YES;
				CLANG_WARN_CONSTANT_CONVERSION = YES;
				CLANG_WARN_DEPRECATED_OBJC_IMPLEMENTATIONS = YES;
				CLANG_WARN_DIRECT_OBJC_ISA_USAGE = YES_ERROR;
				CLANG_WARN_DOCUMENTATION_COMMENTS = YES;
				CLANG_WARN_EMPTY_BODY = YES;
				CLANG_WARN_ENUM_CONVERSION = YES;
				CLANG_WARN_INFINITE_RECURSION = YES;
				CLANG_WARN_INT_CONVERSION = YES;
				CLANG_WARN_NON_LITERAL_NULL_CONVERSION = YES;
				CLANG_WARN_OBJC_IMPLICIT_RETAIN_SELF = YES;
				CLANG_WARN_OBJC_LITERAL_CONVERSION = YES;
				CLANG_WARN_OBJC_ROOT_CLASS = YES_ERROR;
				CLANG_WARN_QUOTED_INCLUDE_IN_FRAMEWORK_HEADER = YES;
				CLANG_WARN_RANGE_LOOP_ANALYSIS = YES;
				CLANG_WARN_STRICT_PROTOTYPES = YES;
				CLANG_WARN_SUSPICIOUS_MOVE = YES;
				CLANG_WARN_UNGUARDED_AVAILABILITY = YES_AGGRESSIVE;
				CLANG_WARN_UNREACHABLE_CODE = YES;
				CLANG_WARN__DUPLICATE_METHOD_MATCH = YES;
				COPY_PHASE_STRIP = NO;
				DEBUG_INFORMATION_FORMAT = "dwarf-with-dsym";
				ENABLE_NS_ASSERTIONS = NO;
				ENABLE_STRICT_OBJC_MSGSEND = YES;
				GCC_C_LANGUAGE_STANDARD = gnu11;
				GCC_NO_COMMON_BLOCKS = YES;
				GCC_WARN_64_TO_32_BIT_CONVERSION = YES;
				GCC_WARN_ABOUT_RETURN_TYPE = YES_ERROR;
				GCC_WARN_UNDECLARED_SELECTOR = YES;
				GCC_WARN_UNINITIALIZED_AUTOS = YES_AGGRESSIVE;
				GCC_WARN_UNUSED_FUNCTION = YES;
				GCC_WARN_UNUSED_VARIABLE = YES;
				IPHONEOS_DEPLOYMENT_TARGET = 17.0;
				MTL_ENABLE_DEBUG_INFO = NO;
				MTL_FAST_MATH = YES;
				PRODUCT_NAME = "$(TARGET_NAME)";
				SDKROOT = iphoneos;
				SWIFT_COMPILATION_MODE = wholemodule;
				SWIFT_OPTIMIZATION_LEVEL = "-O";
				SWIFT_VERSION = 5.0;
			};
			name = Release;
		};
/* End XCBuildConfiguration section */

/* Begin XCConfigurationList section */
		22249E924F749154E7B19BAE /* Build configuration list for PBXProject "ParallaxProbe" */ = {
			isa = XCConfigurationList;
			buildConfigurations = (
				C83B1DDEECF63F37FE1973C4 /* Debug */,
				ED92EE84843D8B1D0355A287 /* Release */,
			);
			defaultConfigurationIsVisible = 0;
			defaultConfigurationName = Debug;
		};
		A48FCEA761C570DC0D9C15BB /* Build configuration list for PBXNativeTarget "ParallaxProbe" */ = {
			isa = XCConfigurationList;
			buildConfigurations = (
				B5730D24C43CE56DCBF05662 /* Debug */,
				51796915E05D7B986259CBC9 /* Release */,
			);
			defaultConfigurationIsVisible = 0;
			defaultConfigurationName = Debug;
		};
/* End XCConfigurationList section */

/* Begin XCLocalSwiftPackageReference section */
		1D3DF5521F8E81AC9838046F /* XCLocalSwiftPackageReference "../ParallaxKit" */ = {
			isa = XCLocalSwiftPackageReference;
			relativePath = ../ParallaxKit;
		};
/* End XCLocalSwiftPackageReference section */

/* Begin XCSwiftPackageProductDependency section */
		79D9FA5EF29CEA86B1E8B6DE /* ParallaxCore */ = {
			isa = XCSwiftPackageProductDependency;
			productName = ParallaxCore;
		};
/* End XCSwiftPackageProductDependency section */
	};
	rootObject = 5F0392D6751BD4E21A9F7CCF /* Project object */;
}
